
Microsoft Visual Studio Solution File, Format Version 12.00
# Visual Studio 15
VisualStudioVersion = 15.0.27130.2010
MinimumVisualStudioVersion = 10.0.40219.1
Project("{9A19103F-16F7-4668-BE54-9A1E7A4F7556}") = "GrantCountyAs400.Web", "GrantCountyAs400.Web\GrantCountyAs400.Web.csproj", "{0EBD5D49-AB88-4A10-9413-472EEBF7E69A}"
EndProject
Project("{FAE04EC0-301F-11D3-BF4B-00C04F79EFBC}") = "GrantCountyAs400.Domain", "GrantCountyAs400.Domain\GrantCountyAs400.Domain.csproj", "{59E5A1E8-0646-49AA-929D-D411799B217A}"
EndProject
Project("{FAE04EC0-301F-11D3-BF4B-00C04F79EFBC}") = "GrantCountyAs400.PersistenceAdapter", "GrantCountyAs400.PersistenceAdapter\GrantCountyAs400.PersistenceAdapter.csproj", "{7DE4DC1F-F430-4996-90D6-95550E3E880F}"
EndProject
Global
	GlobalSection(SolutionConfigurationPlatforms) = preSolution
		Debug|Any CPU = Debug|Any CPU
		Release|Any CPU = Release|Any CPU
	EndGlobalSection
	GlobalSection(ProjectConfigurationPlatforms) = postSolution
		{0EBD5D49-AB88-4A10-9413-472EEBF7E69A}.Debug|Any CPU.ActiveCfg = Debug|Any CPU
		{0EBD5D49-AB88-4A10-9413-472EEBF7E69A}.Debug|Any CPU.Build.0 = Debug|Any CPU
		{0EBD5D49-AB88-4A10-9413-472EEBF7E69A}.Release|Any CPU.ActiveCfg = Release|Any CPU
		{0EBD5D49-AB88-4A10-9413-472EEBF7E69A}.Release|Any CPU.Build.0 = Release|Any CPU
		{59E5A1E8-0646-49AA-929D-D411799B217A}.Debug|Any CPU.ActiveCfg = Debug|Any CPU
		{59E5A1E8-0646-49AA-929D-D411799B217A}.Debug|Any CPU.Build.0 = Debug|Any CPU
		{59E5A1E8-0646-49AA-929D-D411799B217A}.Release|Any CPU.ActiveCfg = Release|Any CPU
		{59E5A1E8-0646-49AA-929D-D411799B217A}.Release|Any CPU.Build.0 = Release|Any CPU
		{7DE4DC1F-F430-4996-90D6-95550E3E880F}.Debug|Any CPU.ActiveCfg = Debug|Any CPU
		{7DE4DC1F-F430-4996-90D6-95550E3E880F}.Debug|Any CPU.Build.0 = Debug|Any CPU
		{7DE4DC1F-F430-4996-90D6-95550E3E880F}.Release|Any CPU.ActiveCfg = Release|Any CPU
		{7DE4DC1F-F430-4996-90D6-95550E3E880F}.Release|Any CPU.Build.0 = Release|Any CPU
	EndGlobalSection
	GlobalSection(SolutionProperties) = preSolution
		HideSolutionNode = FALSE
	EndGlobalSection
	GlobalSection(ExtensibilityGlobals) = postSolution
		SolutionGuid = {E59FAD1D-3FE3-4E64-B376-2E97D18460E8}
	EndGlobalSection
EndGlobal
