
Microsoft Visual Studio Solution File, Format Version 12.00
# Visual Studio 15
VisualStudioVersion = 15.0.27130.2010
MinimumVisualStudioVersion = 10.0.40219.1
Project("{FAE04EC0-301F-11D3-BF4B-00C04F79EFBC}") = "MegaGrandCountyAS400", "MegaGrandCountyAS400\MegaGrandCountyAS400.csproj", "{0EBD5D49-AB88-4A10-9413-472EEBF7E69A}"
EndProject
Global
	GlobalSection(SolutionConfigurationPlatforms) = preSolution
		Debug|Any CPU = Debug|Any CPU
		Release|Any CPU = Release|Any CPU
	EndGlobalSection
	GlobalSection(ProjectConfigurationPlatforms) = postSolution
		{0EBD5D49-AB88-4A10-9413-472EEBF7E69A}.Debug|Any CPU.ActiveCfg = Debug|Any CPU
		{0EBD5D49-AB88-4A10-9413-472EEBF7E69A}.Debug|Any CPU.Build.0 = Debug|Any CPU
		{0EBD5D49-AB88-4A10-9413-472EEBF7E69A}.Release|Any CPU.ActiveCfg = Release|Any CPU
		{0EBD5D49-AB88-4A10-9413-472EEBF7E69A}.Release|Any CPU.Build.0 = Release|Any CPU
	EndGlobalSection
	GlobalSection(SolutionProperties) = preSolution
		HideSolutionNode = FALSE
	EndGlobalSection
	GlobalSection(ExtensibilityGlobals) = postSolution
		SolutionGuid = {E59FAD1D-3FE3-4E64-B376-2E97D18460E8}
	EndGlobalSection
EndGlobal
